
Microsoft Visual Studio Solution File, Format Version 11.00
# Visual Studio 2010
Project("{FAE04EC0-301F-11D3-BF4B-00C04F79EFBC}") = "Slacker", "Slacker\Slacker.csproj", "{7E417855-8AD0-42F6-B4C4-8C82E4D3EA09}"
EndProject
Project("{FAE04EC0-301F-11D3-BF4B-00C04F79EFBC}") = "SlackerTest", "..\SlackerTest\SlackerTest\SlackerTest.csproj", "{B18F9352-DC87-498D-948E-5D52AC927DAD}"
EndProject
Global
	GlobalSection(SolutionConfigurationPlatforms) = preSolution
		Debug|Any CPU = Debug|Any CPU
		Debug|Mixed Platforms = Debug|Mixed Platforms
		Debug|x86 = Debug|x86
		Release|Any CPU = Release|Any CPU
		Release|Mixed Platforms = Release|Mixed Platforms
		Release|x86 = Release|x86
	EndGlobalSection
	GlobalSection(ProjectConfigurationPlatforms) = postSolution
		{7E417855-8AD0-42F6-B4C4-8C82E4D3EA09}.Debug|Any CPU.ActiveCfg = Debug|x86
		{7E417855-8AD0-42F6-B4C4-8C82E4D3EA09}.Debug|Mixed Platforms.ActiveCfg = Debug|x86
		{7E417855-8AD0-42F6-B4C4-8C82E4D3EA09}.Debug|Mixed Platforms.Build.0 = Debug|x86
		{7E417855-8AD0-42F6-B4C4-8C82E4D3EA09}.Debug|x86.ActiveCfg = Debug|x86
		{7E417855-8AD0-42F6-B4C4-8C82E4D3EA09}.Debug|x86.Build.0 = Debug|x86
		{7E417855-8AD0-42F6-B4C4-8C82E4D3EA09}.Release|Any CPU.ActiveCfg = Release|x86
		{7E417855-8AD0-42F6-B4C4-8C82E4D3EA09}.Release|Mixed Platforms.ActiveCfg = Release|x86
		{7E417855-8AD0-42F6-B4C4-8C82E4D3EA09}.Release|Mixed Platforms.Build.0 = Release|x86
		{7E417855-8AD0-42F6-B4C4-8C82E4D3EA09}.Release|x86.ActiveCfg = Release|x86
		{7E417855-8AD0-42F6-B4C4-8C82E4D3EA09}.Release|x86.Build.0 = Release|x86
		{B18F9352-DC87-498D-948E-5D52AC927DAD}.Debug|Any CPU.ActiveCfg = Debug|Any CPU
		{B18F9352-DC87-498D-948E-5D52AC927DAD}.Debug|Any CPU.Build.0 = Debug|Any CPU
		{B18F9352-DC87-498D-948E-5D52AC927DAD}.Debug|Mixed Platforms.ActiveCfg = Debug|Any CPU
		{B18F9352-DC87-498D-948E-5D52AC927DAD}.Debug|Mixed Platforms.Build.0 = Debug|Any CPU
		{B18F9352-DC87-498D-948E-5D52AC927DAD}.Debug|x86.ActiveCfg = Debug|Any CPU
		{B18F9352-DC87-498D-948E-5D52AC927DAD}.Release|Any CPU.ActiveCfg = Release|Any CPU
		{B18F9352-DC87-498D-948E-5D52AC927DAD}.Release|Any CPU.Build.0 = Release|Any CPU
		{B18F9352-DC87-498D-948E-5D52AC927DAD}.Release|Mixed Platforms.ActiveCfg = Release|Any CPU
		{B18F9352-DC87-498D-948E-5D52AC927DAD}.Release|Mixed Platforms.Build.0 = Release|Any CPU
		{B18F9352-DC87-498D-948E-5D52AC927DAD}.Release|x86.ActiveCfg = Release|Any CPU
	EndGlobalSection
	GlobalSection(SolutionProperties) = preSolution
		HideSolutionNode = FALSE
	EndGlobalSection
EndGlobal
