
Microsoft Visual Studio Solution File, Format Version 11.00
# Visual Studio 2010
Project("{FAE04EC0-301F-11D3-BF4B-00C04F79EFBC}") = "SlackerTest", "SlackerTest\SlackerTest.csproj", "{B18F9352-DC87-498D-948E-5D52AC927DAD}"
EndProject
Project("{2150E333-8FDC-42A3-9474-1A3956D46DE8}") = "Solution Items", "Solution Items", "{81A3D60B-70FD-4C4C-AE93-F687890200EA}"
	ProjectSection(SolutionItems) = preProject
		Local.testsettings = Local.testsettings
		SlackerTest.vsmdi = SlackerTest.vsmdi
		TraceAndTestImpact.testsettings = TraceAndTestImpact.testsettings
	EndProjectSection
EndProject
Global
	GlobalSection(TestCaseManagementSettings) = postSolution
		CategoryFile = SlackerTest.vsmdi
	EndGlobalSection
	GlobalSection(SolutionConfigurationPlatforms) = preSolution
		Debug|Any CPU = Debug|Any CPU
		Release|Any CPU = Release|Any CPU
	EndGlobalSection
	GlobalSection(ProjectConfigurationPlatforms) = postSolution
		{B18F9352-DC87-498D-948E-5D52AC927DAD}.Debug|Any CPU.ActiveCfg = Debug|Any CPU
		{B18F9352-DC87-498D-948E-5D52AC927DAD}.Debug|Any CPU.Build.0 = Debug|Any CPU
		{B18F9352-DC87-498D-948E-5D52AC927DAD}.Release|Any CPU.ActiveCfg = Release|Any CPU
		{B18F9352-DC87-498D-948E-5D52AC927DAD}.Release|Any CPU.Build.0 = Release|Any CPU
	EndGlobalSection
	GlobalSection(SolutionProperties) = preSolution
		HideSolutionNode = FALSE
	EndGlobalSection
EndGlobal
